
Microsoft Visual Studio Solution File, Format Version 12.00
# Visual Studio Version 16
VisualStudioVersion = 16.0.30907.101
MinimumVisualStudioVersion = 10.0.40219.1
Project("{FAE04EC0-301F-11D3-BF4B-00C04F79EFBC}") = "ConsoleApp2", "ConsoleApp2.csproj", "{573C6BA8-A32E-4CF5-B8A8-E5F3F0E09298}"
EndProject
Global
	GlobalSection(SolutionConfigurationPlatforms) = preSolution
		Debug|Any CPU = Debug|Any CPU
		Release|Any CPU = Release|Any CPU
	EndGlobalSection
	GlobalSection(ProjectConfigurationPlatforms) = postSolution
		{573C6BA8-A32E-4CF5-B8A8-E5F3F0E09298}.Debug|Any CPU.ActiveCfg = Debug|Any CPU
		{573C6BA8-A32E-4CF5-B8A8-E5F3F0E09298}.Debug|Any CPU.Build.0 = Debug|Any CPU
		{573C6BA8-A32E-4CF5-B8A8-E5F3F0E09298}.Release|Any CPU.ActiveCfg = Release|Any CPU
		{573C6BA8-A32E-4CF5-B8A8-E5F3F0E09298}.Release|Any CPU.Build.0 = Release|Any CPU
	EndGlobalSection
	GlobalSection(SolutionProperties) = preSolution
		HideSolutionNode = FALSE
	EndGlobalSection
	GlobalSection(ExtensibilityGlobals) = postSolution
		SolutionGuid = {29504594-2303-4A20-ACA0-F31324C2BC30}
	EndGlobalSection
EndGlobal
